// !$*UTF8*$!
{
	archiveVersion = 1;
	classes = {
	};
	objectVersion = 46;
	objects = {

/* Begin PBXBuildFile section */
		5D05ED571F6853E6008378DB /* ChatMessageStore.swift in Sources */ = {isa = PBXBuildFile; fileRef = 5D05ED561F6853E6008378DB /* ChatMessageStore.swift */; };
		5D2CDF8E1EB4E8C600754764 /* CommunicationFormVC.swift in Sources */ = {isa = PBXBuildFile; fileRef = 5D2CDF8D1EB4E8C600754764 /* CommunicationFormVC.swift */; };
		5D482C171EBA468000AF2382 /* ContactInfo.swift in Sources */ = {isa = PBXBuildFile; fileRef = 5D482C161EBA468000AF2382 /* ContactInfo.swift */; };
		5D4970241E58DE4600B4C3D9 /* ChatTableDataSource.swift in Sources */ = {isa = PBXBuildFile; fileRef = 5D4970231E58DE4600B4C3D9 /* ChatTableDataSource.swift */; };
		5D4970281E58E40700B4C3D9 /* FirebaseClient.swift in Sources */ = {isa = PBXBuildFile; fileRef = 5D4970271E58E40700B4C3D9 /* FirebaseClient.swift */; };
		5D50570A1E58CA44000EF539 /* ChatVC.swift in Sources */ = {isa = PBXBuildFile; fileRef = 5D5057091E58CA44000EF539 /* ChatVC.swift */; };
		5D53F0B41F69D8FD002A39D8 /* ChatRoom.swift in Sources */ = {isa = PBXBuildFile; fileRef = 5D53F0B31F69D8FD002A39D8 /* ChatRoom.swift */; };
		5D5B06B91F4EAD3E00DFFEF8 /* ChatMessage.swift in Sources */ = {isa = PBXBuildFile; fileRef = 5D5B06B81F4EAD3E00DFFEF8 /* ChatMessage.swift */; };
		5D5F80211E5CEF0600AE65DD /* GoogleService-Info.plist in Resources */ = {isa = PBXBuildFile; fileRef = 5D5F80201E5CEF0600AE65DD /* GoogleService-Info.plist */; };
		5DA5A7AB1EBB7D7500E1201D /* DonateVC.swift in Sources */ = {isa = PBXBuildFile; fileRef = 5DA5A7AA1EBB7D7500E1201D /* DonateVC.swift */; };
		5DC734201F46738B009A1550 /* ChatCell.swift in Sources */ = {isa = PBXBuildFile; fileRef = 5DC7341F1F46738B009A1550 /* ChatCell.swift */; };
		5DF82A101E57B2C500A00290 /* AppDelegate.swift in Sources */ = {isa = PBXBuildFile; fileRef = 5DF82A0F1E57B2C500A00290 /* AppDelegate.swift */; };
		5DF82A151E57B2C500A00290 /* Main.storyboard in Resources */ = {isa = PBXBuildFile; fileRef = 5DF82A131E57B2C500A00290 /* Main.storyboard */; };
		5DF82A171E57B2C500A00290 /* Assets.xcassets in Resources */ = {isa = PBXBuildFile; fileRef = 5DF82A161E57B2C500A00290 /* Assets.xcassets */; };
		5DF82A1A1E57B2C500A00290 /* LaunchScreen.storyboard in Resources */ = {isa = PBXBuildFile; fileRef = 5DF82A181E57B2C500A00290 /* LaunchScreen.storyboard */; };
		5DF82A251E57B2C500A00290 /* ChurchChatTests.swift in Sources */ = {isa = PBXBuildFile; fileRef = 5DF82A241E57B2C500A00290 /* ChurchChatTests.swift */; };
		5DF82A301E57B2C500A00290 /* ChurchChatUITests.swift in Sources */ = {isa = PBXBuildFile; fileRef = 5DF82A2F1E57B2C500A00290 /* ChurchChatUITests.swift */; };
		5DFA9C961E6B80E700B06F34 /* Constants.swift in Sources */ = {isa = PBXBuildFile; fileRef = 5DFA9C951E6B80E700B06F34 /* Constants.swift */; };
		85CFB2E559D69D6B3A6FA919 /* Pods_ChurchChat.framework in Frameworks */ = {isa = PBXBuildFile; fileRef = 2F89217FD537845803898AF4 /* Pods_ChurchChat.framework */; };
/* End PBXBuildFile section */

/* Begin PBXContainerItemProxy section */
		5DF82A211E57B2C500A00290 /* PBXContainerItemProxy */ = {
			isa = PBXContainerItemProxy;
			containerPortal = 5DF82A041E57B2C500A00290 /* Project object */;
			proxyType = 1;
			remoteGlobalIDString = 5DF82A0B1E57B2C500A00290;
			remoteInfo = ChurchChat;
		};
		5DF82A2C1E57B2C500A00290 /* PBXContainerItemProxy */ = {
			isa = PBXContainerItemProxy;
			containerPortal = 5DF82A041E57B2C500A00290 /* Project object */;
			proxyType = 1;
			remoteGlobalIDString = 5DF82A0B1E57B2C500A00290;
			remoteInfo = ChurchChat;
		};
/* End PBXContainerItemProxy section */

/* Begin PBXFileReference section */
		2F89217FD537845803898AF4 /* Pods_ChurchChat.framework */ = {isa = PBXFileReference; explicitFileType = wrapper.framework; includeInIndex = 0; path = Pods_ChurchChat.framework; sourceTree = BUILT_PRODUCTS_DIR; };
		5D05ED561F6853E6008378DB /* ChatMessageStore.swift */ = {isa = PBXFileReference; fileEncoding = 4; lastKnownFileType = sourcecode.swift; path = ChatMessageStore.swift; sourceTree = "<group>"; };
		5D2CDF8D1EB4E8C600754764 /* CommunicationFormVC.swift */ = {isa = PBXFileReference; fileEncoding = 4; lastKnownFileType = sourcecode.swift; path = CommunicationFormVC.swift; sourceTree = "<group>"; };
		5D482C161EBA468000AF2382 /* ContactInfo.swift */ = {isa = PBXFileReference; fileEncoding = 4; lastKnownFileType = sourcecode.swift; path = ContactInfo.swift; sourceTree = "<group>"; };
		5D4970231E58DE4600B4C3D9 /* ChatTableDataSource.swift */ = {isa = PBXFileReference; fileEncoding = 4; lastKnownFileType = sourcecode.swift; path = ChatTableDataSource.swift; sourceTree = "<group>"; };
		5D4970271E58E40700B4C3D9 /* FirebaseClient.swift */ = {isa = PBXFileReference; fileEncoding = 4; lastKnownFileType = sourcecode.swift; path = FirebaseClient.swift; sourceTree = "<group>"; };
		5D4BE1311F354FDA003D121A /* GoogleService-Info.plist */ = {isa = PBXFileReference; fileEncoding = 4; lastKnownFileType = text.plist.xml; path = "GoogleService-Info.plist"; sourceTree = "<group>"; };
		5D5057091E58CA44000EF539 /* ChatVC.swift */ = {isa = PBXFileReference; fileEncoding = 4; lastKnownFileType = sourcecode.swift; path = ChatVC.swift; sourceTree = "<group>"; };
		5D53F0B31F69D8FD002A39D8 /* ChatRoom.swift */ = {isa = PBXFileReference; fileEncoding = 4; lastKnownFileType = sourcecode.swift; path = ChatRoom.swift; sourceTree = "<group>"; };
		5D5B06B81F4EAD3E00DFFEF8 /* ChatMessage.swift */ = {isa = PBXFileReference; fileEncoding = 4; lastKnownFileType = sourcecode.swift; path = ChatMessage.swift; sourceTree = "<group>"; };
		5D5F80201E5CEF0600AE65DD /* GoogleService-Info.plist */ = {isa = PBXFileReference; fileEncoding = 4; lastKnownFileType = text.plist.xml; name = "GoogleService-Info.plist"; path = "../GoogleService-Info.plist"; sourceTree = "<group>"; };
		5DA5A7AA1EBB7D7500E1201D /* DonateVC.swift */ = {isa = PBXFileReference; fileEncoding = 4; lastKnownFileType = sourcecode.swift; path = DonateVC.swift; sourceTree = "<group>"; };
		5DC7341F1F46738B009A1550 /* ChatCell.swift */ = {isa = PBXFileReference; fileEncoding = 4; lastKnownFileType = sourcecode.swift; path = ChatCell.swift; sourceTree = "<group>"; };
		5DF82A0C1E57B2C500A00290 /* ChurchChat.app */ = {isa = PBXFileReference; explicitFileType = wrapper.application; includeInIndex = 0; path = ChurchChat.app; sourceTree = BUILT_PRODUCTS_DIR; };
		5DF82A0F1E57B2C500A00290 /* AppDelegate.swift */ = {isa = PBXFileReference; lastKnownFileType = sourcecode.swift; path = AppDelegate.swift; sourceTree = "<group>"; };
		5DF82A141E57B2C500A00290 /* Base */ = {isa = PBXFileReference; lastKnownFileType = file.storyboard; name = Base; path = Base.lproj/Main.storyboard; sourceTree = "<group>"; };
		5DF82A161E57B2C500A00290 /* Assets.xcassets */ = {isa = PBXFileReference; lastKnownFileType = folder.assetcatalog; path = Assets.xcassets; sourceTree = "<group>"; };
		5DF82A191E57B2C500A00290 /* Base */ = {isa = PBXFileReference; lastKnownFileType = file.storyboard; name = Base; path = Base.lproj/LaunchScreen.storyboard; sourceTree = "<group>"; };
		5DF82A1B1E57B2C500A00290 /* Info.plist */ = {isa = PBXFileReference; lastKnownFileType = text.plist.xml; path = Info.plist; sourceTree = "<group>"; };
		5DF82A201E57B2C500A00290 /* ChurchChatTests.xctest */ = {isa = PBXFileReference; explicitFileType = wrapper.cfbundle; includeInIndex = 0; path = ChurchChatTests.xctest; sourceTree = BUILT_PRODUCTS_DIR; };
		5DF82A241E57B2C500A00290 /* ChurchChatTests.swift */ = {isa = PBXFileReference; lastKnownFileType = sourcecode.swift; path = ChurchChatTests.swift; sourceTree = "<group>"; };
		5DF82A261E57B2C500A00290 /* Info.plist */ = {isa = PBXFileReference; lastKnownFileType = text.plist.xml; path = Info.plist; sourceTree = "<group>"; };
		5DF82A2B1E57B2C500A00290 /* ChurchChatUITests.xctest */ = {isa = PBXFileReference; explicitFileType = wrapper.cfbundle; includeInIndex = 0; path = ChurchChatUITests.xctest; sourceTree = BUILT_PRODUCTS_DIR; };
		5DF82A2F1E57B2C500A00290 /* ChurchChatUITests.swift */ = {isa = PBXFileReference; lastKnownFileType = sourcecode.swift; path = ChurchChatUITests.swift; sourceTree = "<group>"; };
		5DF82A311E57B2C500A00290 /* Info.plist */ = {isa = PBXFileReference; lastKnownFileType = text.plist.xml; path = Info.plist; sourceTree = "<group>"; };
		5DFA9C951E6B80E700B06F34 /* Constants.swift */ = {isa = PBXFileReference; fileEncoding = 4; lastKnownFileType = sourcecode.swift; path = Constants.swift; sourceTree = "<group>"; };
		7E72BC9189104625E7D6125A /* Pods-ChurchChat.debug.xcconfig */ = {isa = PBXFileReference; includeInIndex = 1; lastKnownFileType = text.xcconfig; name = "Pods-ChurchChat.debug.xcconfig"; path = "Pods/Target Support Files/Pods-ChurchChat/Pods-ChurchChat.debug.xcconfig"; sourceTree = "<group>"; };
		C51FA31CD1689D4A1FA63EBE /* Pods-ChurchChat.release.xcconfig */ = {isa = PBXFileReference; includeInIndex = 1; lastKnownFileType = text.xcconfig; name = "Pods-ChurchChat.release.xcconfig"; path = "Pods/Target Support Files/Pods-ChurchChat/Pods-ChurchChat.release.xcconfig"; sourceTree = "<group>"; };
/* End PBXFileReference section */

/* Begin PBXFrameworksBuildPhase section */
		5DF82A091E57B2C500A00290 /* Frameworks */ = {
			isa = PBXFrameworksBuildPhase;
			buildActionMask = 2147483647;
			files = (
				85CFB2E559D69D6B3A6FA919 /* Pods_ChurchChat.framework in Frameworks */,
			);
			runOnlyForDeploymentPostprocessing = 0;
		};
		5DF82A1D1E57B2C500A00290 /* Frameworks */ = {
			isa = PBXFrameworksBuildPhase;
			buildActionMask = 2147483647;
			files = (
			);
			runOnlyForDeploymentPostprocessing = 0;
		};
		5DF82A281E57B2C500A00290 /* Frameworks */ = {
			isa = PBXFrameworksBuildPhase;
			buildActionMask = 2147483647;
			files = (
			);
			runOnlyForDeploymentPostprocessing = 0;
		};
/* End PBXFrameworksBuildPhase section */

/* Begin PBXGroup section */
		42F0EDC2A43201BADFBF5A72 /* Frameworks */ = {
			isa = PBXGroup;
			children = (
				2F89217FD537845803898AF4 /* Pods_ChurchChat.framework */,
			);
			name = Frameworks;
			sourceTree = "<group>";
		};
		5D4970251E58DE5F00B4C3D9 /* Controller */ = {
			isa = PBXGroup;
			children = (
				5D5057091E58CA44000EF539 /* ChatVC.swift */,
				5D2CDF8D1EB4E8C600754764 /* CommunicationFormVC.swift */,
				5DA5A7AA1EBB7D7500E1201D /* DonateVC.swift */,
			);
			name = Controller;
			sourceTree = "<group>";
		};
		5D4970261E58DE6900B4C3D9 /* Model */ = {
			isa = PBXGroup;
			children = (
				5D4970231E58DE4600B4C3D9 /* ChatTableDataSource.swift */,
				5D5B06B81F4EAD3E00DFFEF8 /* ChatMessage.swift */,
				5D53F0B31F69D8FD002A39D8 /* ChatRoom.swift */,
				5D05ED561F6853E6008378DB /* ChatMessageStore.swift */,
				5D4970271E58E40700B4C3D9 /* FirebaseClient.swift */,
				5D482C161EBA468000AF2382 /* ContactInfo.swift */,
				5DFA9C951E6B80E700B06F34 /* Constants.swift */,
			);
			name = Model;
			sourceTree = "<group>";
		};
		5DC734211F467399009A1550 /* View */ = {
			isa = PBXGroup;
			children = (
				5DC7341F1F46738B009A1550 /* ChatCell.swift */,
			);
			name = View;
			sourceTree = "<group>";
		};
		5DF82A031E57B2C500A00290 = {
			isa = PBXGroup;
			children = (
				5D4BE1311F354FDA003D121A /* GoogleService-Info.plist */,
				5DF82A0E1E57B2C500A00290 /* ChurchChat */,
				5DF82A231E57B2C500A00290 /* ChurchChatTests */,
				5DF82A2E1E57B2C500A00290 /* ChurchChatUITests */,
				5DF82A0D1E57B2C500A00290 /* Products */,
				8BB65EA641713F386C82A38A /* Pods */,
				42F0EDC2A43201BADFBF5A72 /* Frameworks */,
			);
			sourceTree = "<group>";
		};
		5DF82A0D1E57B2C500A00290 /* Products */ = {
			isa = PBXGroup;
			children = (
				5DF82A0C1E57B2C500A00290 /* ChurchChat.app */,
				5DF82A201E57B2C500A00290 /* ChurchChatTests.xctest */,
				5DF82A2B1E57B2C500A00290 /* ChurchChatUITests.xctest */,
			);
			name = Products;
			sourceTree = "<group>";
		};
		5DF82A0E1E57B2C500A00290 /* ChurchChat */ = {
			isa = PBXGroup;
			children = (
				5DF82A0F1E57B2C500A00290 /* AppDelegate.swift */,
				5DF82A131E57B2C500A00290 /* Main.storyboard */,
				5DF82A161E57B2C500A00290 /* Assets.xcassets */,
				5DF82A181E57B2C500A00290 /* LaunchScreen.storyboard */,
				5DF82A1B1E57B2C500A00290 /* Info.plist */,
				5D5F80201E5CEF0600AE65DD /* GoogleService-Info.plist */,
				5DC734211F467399009A1550 /* View */,
				5D4970251E58DE5F00B4C3D9 /* Controller */,
				5D4970261E58DE6900B4C3D9 /* Model */,
			);
			path = ChurchChat;
			sourceTree = "<group>";
		};
		5DF82A231E57B2C500A00290 /* ChurchChatTests */ = {
			isa = PBXGroup;
			children = (
				5DF82A241E57B2C500A00290 /* ChurchChatTests.swift */,
				5DF82A261E57B2C500A00290 /* Info.plist */,
			);
			path = ChurchChatTests;
			sourceTree = "<group>";
		};
		5DF82A2E1E57B2C500A00290 /* ChurchChatUITests */ = {
			isa = PBXGroup;
			children = (
				5DF82A2F1E57B2C500A00290 /* ChurchChatUITests.swift */,
				5DF82A311E57B2C500A00290 /* Info.plist */,
			);
			path = ChurchChatUITests;
			sourceTree = "<group>";
		};
		8BB65EA641713F386C82A38A /* Pods */ = {
			isa = PBXGroup;
			children = (
				7E72BC9189104625E7D6125A /* Pods-ChurchChat.debug.xcconfig */,
				C51FA31CD1689D4A1FA63EBE /* Pods-ChurchChat.release.xcconfig */,
			);
			name = Pods;
			sourceTree = "<group>";
		};
/* End PBXGroup section */

/* Begin PBXNativeTarget section */
		5DF82A0B1E57B2C500A00290 /* ChurchChat */ = {
			isa = PBXNativeTarget;
			buildConfigurationList = 5DF82A341E57B2C500A00290 /* Build configuration list for PBXNativeTarget "ChurchChat" */;
			buildPhases = (
				836C07FFD94A4B22BF45C9CC /* [CP] Check Pods Manifest.lock */,
				5DF82A081E57B2C500A00290 /* Sources */,
				5DF82A091E57B2C500A00290 /* Frameworks */,
				5DF82A0A1E57B2C500A00290 /* Resources */,
				D709D4C9026736CB4B3F8134 /* [CP] Embed Pods Frameworks */,
				DF8BF080342AD99E7457A27E /* [CP] Copy Pods Resources */,
			);
			buildRules = (
			);
			dependencies = (
			);
			name = ChurchChat;
			productName = ChurchChat;
			productReference = 5DF82A0C1E57B2C500A00290 /* ChurchChat.app */;
			productType = "com.apple.product-type.application";
		};
		5DF82A1F1E57B2C500A00290 /* ChurchChatTests */ = {
			isa = PBXNativeTarget;
			buildConfigurationList = 5DF82A371E57B2C500A00290 /* Build configuration list for PBXNativeTarget "ChurchChatTests" */;
			buildPhases = (
				5DF82A1C1E57B2C500A00290 /* Sources */,
				5DF82A1D1E57B2C500A00290 /* Frameworks */,
				5DF82A1E1E57B2C500A00290 /* Resources */,
			);
			buildRules = (
			);
			dependencies = (
				5DF82A221E57B2C500A00290 /* PBXTargetDependency */,
			);
			name = ChurchChatTests;
			productName = ChurchChatTests;
			productReference = 5DF82A201E57B2C500A00290 /* ChurchChatTests.xctest */;
			productType = "com.apple.product-type.bundle.unit-test";
		};
		5DF82A2A1E57B2C500A00290 /* ChurchChatUITests */ = {
			isa = PBXNativeTarget;
			buildConfigurationList = 5DF82A3A1E57B2C500A00290 /* Build configuration list for PBXNativeTarget "ChurchChatUITests" */;
			buildPhases = (
				5DF82A271E57B2C500A00290 /* Sources */,
				5DF82A281E57B2C500A00290 /* Frameworks */,
				5DF82A291E57B2C500A00290 /* Resources */,
			);
			buildRules = (
			);
			dependencies = (
				5DF82A2D1E57B2C500A00290 /* PBXTargetDependency */,
			);
			name = ChurchChatUITests;
			productName = ChurchChatUITests;
			productReference = 5DF82A2B1E57B2C500A00290 /* ChurchChatUITests.xctest */;
			productType = "com.apple.product-type.bundle.ui-testing";
		};
/* End PBXNativeTarget section */

/* Begin PBXProject section */
		5DF82A041E57B2C500A00290 /* Project object */ = {
			isa = PBXProject;
			attributes = {
				LastSwiftUpdateCheck = 0820;
				LastUpgradeCheck = 0830;
				ORGANIZATIONNAME = "Joel Pratt";
				TargetAttributes = {
					5DF82A0B1E57B2C500A00290 = {
						CreatedOnToolsVersion = 8.2.1;
						DevelopmentTeam = Q379959Y72;
						ProvisioningStyle = Automatic;
					};
					5DF82A1F1E57B2C500A00290 = {
						CreatedOnToolsVersion = 8.2.1;
						DevelopmentTeam = Q379959Y72;
						ProvisioningStyle = Automatic;
						TestTargetID = 5DF82A0B1E57B2C500A00290;
					};
					5DF82A2A1E57B2C500A00290 = {
						CreatedOnToolsVersion = 8.2.1;
						DevelopmentTeam = Q379959Y72;
						ProvisioningStyle = Automatic;
						TestTargetID = 5DF82A0B1E57B2C500A00290;
					};
				};
			};
			buildConfigurationList = 5DF82A071E57B2C500A00290 /* Build configuration list for PBXProject "ChurchChat" */;
			compatibilityVersion = "Xcode 3.2";
			developmentRegion = English;
			hasScannedForEncodings = 0;
			knownRegions = (
				en,
				Base,
			);
			mainGroup = 5DF82A031E57B2C500A00290;
			productRefGroup = 5DF82A0D1E57B2C500A00290 /* Products */;
			projectDirPath = "";
			projectRoot = "";
			targets = (
				5DF82A0B1E57B2C500A00290 /* ChurchChat */,
				5DF82A1F1E57B2C500A00290 /* ChurchChatTests */,
				5DF82A2A1E57B2C500A00290 /* ChurchChatUITests */,
			);
		};
/* End PBXProject section */

/* Begin PBXResourcesBuildPhase section */
		5DF82A0A1E57B2C500A00290 /* Resources */ = {
			isa = PBXResourcesBuildPhase;
			buildActionMask = 2147483647;
			files = (
				5DF82A1A1E57B2C500A00290 /* LaunchScreen.storyboard in Resources */,
				5D5F80211E5CEF0600AE65DD /* GoogleService-Info.plist in Resources */,
				5DF82A171E57B2C500A00290 /* Assets.xcassets in Resources */,
				5DF82A151E57B2C500A00290 /* Main.storyboard in Resources */,
			);
			runOnlyForDeploymentPostprocessing = 0;
		};
		5DF82A1E1E57B2C500A00290 /* Resources */ = {
			isa = PBXResourcesBuildPhase;
			buildActionMask = 2147483647;
			files = (
			);
			runOnlyForDeploymentPostprocessing = 0;
		};
		5DF82A291E57B2C500A00290 /* Resources */ = {
			isa = PBXResourcesBuildPhase;
			buildActionMask = 2147483647;
			files = (
			);
			runOnlyForDeploymentPostprocessing = 0;
		};
/* End PBXResourcesBuildPhase section */

/* Begin PBXShellScriptBuildPhase section */
		836C07FFD94A4B22BF45C9CC /* [CP] Check Pods Manifest.lock */ = {
			isa = PBXShellScriptBuildPhase;
			buildActionMask = 2147483647;
			files = (
			);
			inputPaths = (
				"${PODS_PODFILE_DIR_PATH}/Podfile.lock",
				"${PODS_ROOT}/Manifest.lock",
			);
			name = "[CP] Check Pods Manifest.lock";
			outputPaths = (
				"$(DERIVED_FILE_DIR)/Pods-ChurchChat-checkManifestLockResult.txt",
			);
			runOnlyForDeploymentPostprocessing = 0;
			shellPath = /bin/sh;
			shellScript = "diff \"${PODS_PODFILE_DIR_PATH}/Podfile.lock\" \"${PODS_ROOT}/Manifest.lock\" > /dev/null\nif [ $? != 0 ] ; then\n    # print error to STDERR\n    echo \"error: The sandbox is not in sync with the Podfile.lock. Run 'pod install' or update your CocoaPods installation.\" >&2\n    exit 1\nfi\n# This output is used by Xcode 'outputs' to avoid re-running this script phase.\necho \"SUCCESS\" > \"${SCRIPT_OUTPUT_FILE_0}\"\n";
			showEnvVarsInLog = 0;
		};
		D709D4C9026736CB4B3F8134 /* [CP] Embed Pods Frameworks */ = {
			isa = PBXShellScriptBuildPhase;
			buildActionMask = 2147483647;
			files = (
			);
			inputPaths = (
				"${SRCROOT}/Pods/Target Support Files/Pods-ChurchChat/Pods-ChurchChat-frameworks.sh",
				"${BUILT_PRODUCTS_DIR}/Bolts/Bolts.framework",
				"${BUILT_PRODUCTS_DIR}/Eureka/Eureka.framework",
				"${BUILT_PRODUCTS_DIR}/FBSDKCoreKit/FBSDKCoreKit.framework",
				"${BUILT_PRODUCTS_DIR}/FBSDKLoginKit/FBSDKLoginKit.framework",
				"${BUILT_PRODUCTS_DIR}/GTMOAuth2/GTMOAuth2.framework",
				"${BUILT_PRODUCTS_DIR}/GTMSessionFetcher/GTMSessionFetcher.framework",
				"${BUILT_PRODUCTS_DIR}/GoogleToolboxForMac/GoogleToolboxForMac.framework",
				"${BUILT_PRODUCTS_DIR}/Protobuf/Protobuf.framework",
				"${BUILT_PRODUCTS_DIR}/SDWebImage/SDWebImage.framework",
			);
			name = "[CP] Embed Pods Frameworks";
			outputPaths = (
				"${TARGET_BUILD_DIR}/${FRAMEWORKS_FOLDER_PATH}/Bolts.framework",
				"${TARGET_BUILD_DIR}/${FRAMEWORKS_FOLDER_PATH}/Eureka.framework",
				"${TARGET_BUILD_DIR}/${FRAMEWORKS_FOLDER_PATH}/FBSDKCoreKit.framework",
				"${TARGET_BUILD_DIR}/${FRAMEWORKS_FOLDER_PATH}/FBSDKLoginKit.framework",
				"${TARGET_BUILD_DIR}/${FRAMEWORKS_FOLDER_PATH}/GTMOAuth2.framework",
				"${TARGET_BUILD_DIR}/${FRAMEWORKS_FOLDER_PATH}/GTMSessionFetcher.framework",
				"${TARGET_BUILD_DIR}/${FRAMEWORKS_FOLDER_PATH}/GoogleToolboxForMac.framework",
				"${TARGET_BUILD_DIR}/${FRAMEWORKS_FOLDER_PATH}/Protobuf.framework",
				"${TARGET_BUILD_DIR}/${FRAMEWORKS_FOLDER_PATH}/SDWebImage.framework",
			);
			runOnlyForDeploymentPostprocessing = 0;
			shellPath = /bin/sh;
			shellScript = "\"${SRCROOT}/Pods/Target Support Files/Pods-ChurchChat/Pods-ChurchChat-frameworks.sh\"\n";
			showEnvVarsInLog = 0;
		};
		DF8BF080342AD99E7457A27E /* [CP] Copy Pods Resources */ = {
			isa = PBXShellScriptBuildPhase;
			buildActionMask = 2147483647;
			files = (
			);
			inputPaths = (
				"${SRCROOT}/Pods/Target Support Files/Pods-ChurchChat/Pods-ChurchChat-resources.sh",
				"${PODS_ROOT}/FirebaseUI/FirebaseUIFrameworks/FirebaseAuthUI/Frameworks/FirebaseAuthUI.framework/FUIAuthPickerViewController.nib",
				"${PODS_ROOT}/FirebaseUI/FirebaseUIFrameworks/FirebaseAuthUI/Frameworks/FirebaseAuthUI.framework/FUIAuthTableViewCell.nib",
				"${PODS_ROOT}/FirebaseUI/FirebaseUIFrameworks/FirebaseAuthUI/Frameworks/FirebaseAuthUI.framework/FUIEmailEntryViewController.nib",
				"${PODS_ROOT}/FirebaseUI/FirebaseUIFrameworks/FirebaseAuthUI/Frameworks/FirebaseAuthUI.framework/FUIPasswordRecoveryViewController.nib",
				"${PODS_ROOT}/FirebaseUI/FirebaseUIFrameworks/FirebaseAuthUI/Frameworks/FirebaseAuthUI.framework/FUIPasswordSignInViewController.nib",
				"${PODS_ROOT}/FirebaseUI/FirebaseUIFrameworks/FirebaseAuthUI/Frameworks/FirebaseAuthUI.framework/FUIPasswordSignUpViewController.nib",
				"${PODS_ROOT}/FirebaseUI/FirebaseUIFrameworks/FirebaseAuthUI/Frameworks/FirebaseAuthUI.framework/FUIPasswordVerificationViewController.nib",
				"${PODS_ROOT}/FirebaseUI/FirebaseUIFrameworks/FirebaseAuthUI/Frameworks/FirebaseAuthUI.framework/ic_email.png",
				"${PODS_ROOT}/FirebaseUI/FirebaseUIFrameworks/FirebaseAuthUI/Frameworks/FirebaseAuthUI.framework/ic_email@2x.png",
				"${PODS_ROOT}/FirebaseUI/FirebaseUIFrameworks/FirebaseAuthUI/Frameworks/FirebaseAuthUI.framework/ic_email@3x.png",
				"${PODS_ROOT}/FirebaseUI/FirebaseUIFrameworks/FirebaseAuthUI/Frameworks/FirebaseAuthUI.framework/ic_visibility.png",
				"${PODS_ROOT}/FirebaseUI/FirebaseUIFrameworks/FirebaseAuthUI/Frameworks/FirebaseAuthUI.framework/ic_visibility@2x.png",
				"${PODS_ROOT}/FirebaseUI/FirebaseUIFrameworks/FirebaseAuthUI/Frameworks/FirebaseAuthUI.framework/ic_visibility@3x.png",
				"${PODS_ROOT}/FirebaseUI/FirebaseUIFrameworks/FirebaseAuthUI/Frameworks/FirebaseAuthUI.framework/ic_visibility_off.png",
				"${PODS_ROOT}/FirebaseUI/FirebaseUIFrameworks/FirebaseAuthUI/Frameworks/FirebaseAuthUI.framework/ic_visibility_off@2x.png",
				"${PODS_ROOT}/FirebaseUI/FirebaseUIFrameworks/FirebaseAuthUI/Frameworks/FirebaseAuthUI.framework/ic_visibility_off@3x.png",
				"${PODS_ROOT}/FirebaseUI/FirebaseUIFrameworks/FirebaseAuthUI/Frameworks/FirebaseAuthUI.framework/en.lproj",
				"${PODS_ROOT}/FirebaseUI/FirebaseUIFrameworks/FirebaseFacebookAuthUI/Frameworks/FirebaseFacebookAuthUI.framework/ic_facebook.png",
				"${PODS_ROOT}/FirebaseUI/FirebaseUIFrameworks/FirebaseFacebookAuthUI/Frameworks/FirebaseFacebookAuthUI.framework/ic_facebook@2x.png",
				"${PODS_ROOT}/FirebaseUI/FirebaseUIFrameworks/FirebaseFacebookAuthUI/Frameworks/FirebaseFacebookAuthUI.framework/ic_facebook@3x.png",
				"${PODS_ROOT}/FirebaseUI/FirebaseUIFrameworks/FirebaseFacebookAuthUI/Frameworks/FirebaseFacebookAuthUI.framework/en.lproj",
				"${PODS_ROOT}/FirebaseUI/FirebaseUIFrameworks/FirebaseGoogleAuthUI/Frameworks/FirebaseGoogleAuthUI.framework/ic_google.png",
				"${PODS_ROOT}/FirebaseUI/FirebaseUIFrameworks/FirebaseGoogleAuthUI/Frameworks/FirebaseGoogleAuthUI.framework/ic_google@2x.png",
				"${PODS_ROOT}/FirebaseUI/FirebaseUIFrameworks/FirebaseGoogleAuthUI/Frameworks/FirebaseGoogleAuthUI.framework/ic_google@3x.png",
				"${PODS_ROOT}/FirebaseUI/FirebaseUIFrameworks/FirebaseGoogleAuthUI/Frameworks/FirebaseGoogleAuthUI.framework/en.lproj",
				"${PODS_ROOT}/FirebaseUI/FirebaseUIFrameworks/FirebaseTwitterAuthUI/Frameworks/FirebaseTwitterAuthUI.framework/ic_twitter.png",
				"${PODS_ROOT}/FirebaseUI/FirebaseUIFrameworks/FirebaseTwitterAuthUI/Frameworks/FirebaseTwitterAuthUI.framework/ic_twitter@2x.png",
				"${PODS_ROOT}/FirebaseUI/FirebaseUIFrameworks/FirebaseTwitterAuthUI/Frameworks/FirebaseTwitterAuthUI.framework/ic_twitter@3x.png",
				"${PODS_ROOT}/FirebaseUI/FirebaseUIFrameworks/FirebaseTwitterAuthUI/Frameworks/FirebaseTwitterAuthUI.framework/en.lproj",
				"${PODS_ROOT}/GoogleSignIn/Resources/GoogleSignIn.bundle",
				"${PODS_ROOT}/TwitterKit/iOS/TwitterKit.framework/Versions/A/Resources/TwitterKitResources.bundle",
			);
			name = "[CP] Copy Pods Resources";
			outputPaths = (
				"${TARGET_BUILD_DIR}/${UNLOCALIZED_RESOURCES_FOLDER_PATH}",
			);
			runOnlyForDeploymentPostprocessing = 0;
			shellPath = /bin/sh;
			shellScript = "\"${SRCROOT}/Pods/Target Support Files/Pods-ChurchChat/Pods-ChurchChat-resources.sh\"\n";
			showEnvVarsInLog = 0;
		};
/* End PBXShellScriptBuildPhase section */

/* Begin PBXSourcesBuildPhase section */
		5DF82A081E57B2C500A00290 /* Sources */ = {
			isa = PBXSourcesBuildPhase;
			buildActionMask = 2147483647;
			files = (
				5DFA9C961E6B80E700B06F34 /* Constants.swift in Sources */,
				5D50570A1E58CA44000EF539 /* ChatVC.swift in Sources */,
				5D05ED571F6853E6008378DB /* ChatMessageStore.swift in Sources */,
				5DC734201F46738B009A1550 /* ChatCell.swift in Sources */,
				5D5B06B91F4EAD3E00DFFEF8 /* ChatMessage.swift in Sources */,
				5DF82A101E57B2C500A00290 /* AppDelegate.swift in Sources */,
				5D53F0B41F69D8FD002A39D8 /* ChatRoom.swift in Sources */,
				5D2CDF8E1EB4E8C600754764 /* CommunicationFormVC.swift in Sources */,
				5D4970241E58DE4600B4C3D9 /* ChatTableDataSource.swift in Sources */,
				5DA5A7AB1EBB7D7500E1201D /* DonateVC.swift in Sources */,
				5D4970281E58E40700B4C3D9 /* FirebaseClient.swift in Sources */,
				5D482C171EBA468000AF2382 /* ContactInfo.swift in Sources */,
			);
			runOnlyForDeploymentPostprocessing = 0;
		};
		5DF82A1C1E57B2C500A00290 /* Sources */ = {
			isa = PBXSourcesBuildPhase;
			buildActionMask = 2147483647;
			files = (
				5DF82A251E57B2C500A00290 /* ChurchChatTests.swift in Sources */,
			);
			runOnlyForDeploymentPostprocessing = 0;
		};
		5DF82A271E57B2C500A00290 /* Sources */ = {
			isa = PBXSourcesBuildPhase;
			buildActionMask = 2147483647;
			files = (
				5DF82A301E57B2C500A00290 /* ChurchChatUITests.swift in Sources */,
			);
			runOnlyForDeploymentPostprocessing = 0;
		};
/* End PBXSourcesBuildPhase section */

/* Begin PBXTargetDependency section */
		5DF82A221E57B2C500A00290 /* PBXTargetDependency */ = {
			isa = PBXTargetDependency;
			target = 5DF82A0B1E57B2C500A00290 /* ChurchChat */;
			targetProxy = 5DF82A211E57B2C500A00290 /* PBXContainerItemProxy */;
		};
		5DF82A2D1E57B2C500A00290 /* PBXTargetDependency */ = {
			isa = PBXTargetDependency;
			target = 5DF82A0B1E57B2C500A00290 /* ChurchChat */;
			targetProxy = 5DF82A2C1E57B2C500A00290 /* PBXContainerItemProxy */;
		};
/* End PBXTargetDependency section */

/* Begin PBXVariantGroup section */
		5DF82A131E57B2C500A00290 /* Main.storyboard */ = {
			isa = PBXVariantGroup;
			children = (
				5DF82A141E57B2C500A00290 /* Base */,
			);
			name = Main.storyboard;
			sourceTree = "<group>";
		};
		5DF82A181E57B2C500A00290 /* LaunchScreen.storyboard */ = {
			isa = PBXVariantGroup;
			children = (
				5DF82A191E57B2C500A00290 /* Base */,
			);
			name = LaunchScreen.storyboard;
			sourceTree = "<group>";
		};
/* End PBXVariantGroup section */

/* Begin XCBuildConfiguration section */
		5DF82A321E57B2C500A00290 /* Debug */ = {
			isa = XCBuildConfiguration;
			buildSettings = {
				ALWAYS_SEARCH_USER_PATHS = NO;
				CLANG_ANALYZER_NONNULL = YES;
				CLANG_CXX_LANGUAGE_STANDARD = "gnu++0x";
				CLANG_CXX_LIBRARY = "libc++";
				CLANG_ENABLE_MODULES = YES;
				CLANG_ENABLE_OBJC_ARC = YES;
				CLANG_WARN_BOOL_CONVERSION = YES;
				CLANG_WARN_CONSTANT_CONVERSION = YES;
				CLANG_WARN_DIRECT_OBJC_ISA_USAGE = YES_ERROR;
				CLANG_WARN_DOCUMENTATION_COMMENTS = YES;
				CLANG_WARN_EMPTY_BODY = YES;
				CLANG_WARN_ENUM_CONVERSION = YES;
				CLANG_WARN_INFINITE_RECURSION = YES;
				CLANG_WARN_INT_CONVERSION = YES;
				CLANG_WARN_OBJC_ROOT_CLASS = YES_ERROR;
				CLANG_WARN_SUSPICIOUS_MOVE = YES;
				CLANG_WARN_UNREACHABLE_CODE = YES;
				CLANG_WARN__DUPLICATE_METHOD_MATCH = YES;
				"CODE_SIGN_IDENTITY[sdk=iphoneos*]" = "iPhone Developer";
				COPY_PHASE_STRIP = NO;
				DEBUG_INFORMATION_FORMAT = dwarf;
				ENABLE_STRICT_OBJC_MSGSEND = YES;
				ENABLE_TESTABILITY = YES;
				GCC_C_LANGUAGE_STANDARD = gnu99;
				GCC_DYNAMIC_NO_PIC = NO;
				GCC_NO_COMMON_BLOCKS = YES;
				GCC_OPTIMIZATION_LEVEL = 0;
				GCC_PREPROCESSOR_DEFINITIONS = (
					"DEBUG=1",
					"$(inherited)",
				);
				GCC_WARN_64_TO_32_BIT_CONVERSION = YES;
				GCC_WARN_ABOUT_RETURN_TYPE = YES_ERROR;
				GCC_WARN_UNDECLARED_SELECTOR = YES;
				GCC_WARN_UNINITIALIZED_AUTOS = YES_AGGRESSIVE;
				GCC_WARN_UNUSED_FUNCTION = YES;
				GCC_WARN_UNUSED_VARIABLE = YES;
				IPHONEOS_DEPLOYMENT_TARGET = 10.2;
				MTL_ENABLE_DEBUG_INFO = YES;
				ONLY_ACTIVE_ARCH = YES;
				SDKROOT = iphoneos;
				SWIFT_ACTIVE_COMPILATION_CONDITIONS = DEBUG;
				SWIFT_OPTIMIZATION_LEVEL = "-Onone";
			};
			name = Debug;
		};
		5DF82A331E57B2C500A00290 /* Release */ = {
			isa = XCBuildConfiguration;
			buildSettings = {
				ALWAYS_SEARCH_USER_PATHS = NO;
				CLANG_ANALYZER_NONNULL = YES;
				CLANG_CXX_LANGUAGE_STANDARD = "gnu++0x";
				CLANG_CXX_LIBRARY = "libc++";
				CLANG_ENABLE_MODULES = YES;
				CLANG_ENABLE_OBJC_ARC = YES;
				CLANG_WARN_BOOL_CONVERSION = YES;
				CLANG_WARN_CONSTANT_CONVERSION = YES;
				CLANG_WARN_DIRECT_OBJC_ISA_USAGE = YES_ERROR;
				CLANG_WARN_DOCUMENTATION_COMMENTS = YES;
				CLANG_WARN_EMPTY_BODY = YES;
				CLANG_WARN_ENUM_CONVERSION = YES;
				CLANG_WARN_INFINITE_RECURSION = YES;
				CLANG_WARN_INT_CONVERSION = YES;
				CLANG_WARN_OBJC_ROOT_CLASS = YES_ERROR;
				CLANG_WARN_SUSPICIOUS_MOVE = YES;
				CLANG_WARN_UNREACHABLE_CODE = YES;
				CLANG_WARN__DUPLICATE_METHOD_MATCH = YES;
				"CODE_SIGN_IDENTITY[sdk=iphoneos*]" = "iPhone Developer";
				COPY_PHASE_STRIP = NO;
				DEBUG_INFORMATION_FORMAT = "dwarf-with-dsym";
				ENABLE_NS_ASSERTIONS = NO;
				ENABLE_STRICT_OBJC_MSGSEND = YES;
				GCC_C_LANGUAGE_STANDARD = gnu99;
				GCC_NO_COMMON_BLOCKS = YES;
				GCC_WARN_64_TO_32_BIT_CONVERSION = YES;
				GCC_WARN_ABOUT_RETURN_TYPE = YES_ERROR;
				GCC_WARN_UNDECLARED_SELECTOR = YES;
				GCC_WARN_UNINITIALIZED_AUTOS = YES_AGGRESSIVE;
				GCC_WARN_UNUSED_FUNCTION = YES;
				GCC_WARN_UNUSED_VARIABLE = YES;
				IPHONEOS_DEPLOYMENT_TARGET = 10.2;
				MTL_ENABLE_DEBUG_INFO = NO;
				SDKROOT = iphoneos;
				SWIFT_OPTIMIZATION_LEVEL = "-Owholemodule";
				VALIDATE_PRODUCT = YES;
			};
			name = Release;
		};
		5DF82A351E57B2C500A00290 /* Debug */ = {
			isa = XCBuildConfiguration;
			baseConfigurationReference = 7E72BC9189104625E7D6125A /* Pods-ChurchChat.debug.xcconfig */;
			buildSettings = {
				ASSETCATALOG_COMPILER_APPICON_NAME = AppIcon;
				DEVELOPMENT_TEAM = Q379959Y72;
				INFOPLIST_FILE = ChurchChat/Info.plist;
				LD_RUNPATH_SEARCH_PATHS = "$(inherited) @executable_path/Frameworks";
				PRODUCT_BUNDLE_IDENTIFIER = com.joelpratt.ChurchChat;
				PRODUCT_NAME = "$(TARGET_NAME)";
				SWIFT_VERSION = 3.0;
			};
			name = Debug;
		};
		5DF82A361E57B2C500A00290 /* Release */ = {
			isa = XCBuildConfiguration;
			baseConfigurationReference = C51FA31CD1689D4A1FA63EBE /* Pods-ChurchChat.release.xcconfig */;
			buildSettings = {
				ASSETCATALOG_COMPILER_APPICON_NAME = AppIcon;
				DEVELOPMENT_TEAM = Q379959Y72;
				INFOPLIST_FILE = ChurchChat/Info.plist;
				LD_RUNPATH_SEARCH_PATHS = "$(inherited) @executable_path/Frameworks";
				PRODUCT_BUNDLE_IDENTIFIER = com.joelpratt.ChurchChat;
				PRODUCT_NAME = "$(TARGET_NAME)";
				SWIFT_VERSION = 3.0;
			};
			name = Release;
		};
		5DF82A381E57B2C500A00290 /* Debug */ = {
			isa = XCBuildConfiguration;
			buildSettings = {
				ALWAYS_EMBED_SWIFT_STANDARD_LIBRARIES = YES;
				BUNDLE_LOADER = "$(TEST_HOST)";
				DEVELOPMENT_TEAM = Q379959Y72;
				INFOPLIST_FILE = ChurchChatTests/Info.plist;
				LD_RUNPATH_SEARCH_PATHS = "$(inherited) @executable_path/Frameworks @loader_path/Frameworks";
				PRODUCT_BUNDLE_IDENTIFIER = com.joelpratt.ChurchChatTests;
				PRODUCT_NAME = "$(TARGET_NAME)";
				SWIFT_VERSION = 3.0;
				TEST_HOST = "$(BUILT_PRODUCTS_DIR)/ChurchChat.app/ChurchChat";
			};
			name = Debug;
		};
		5DF82A391E57B2C500A00290 /* Release */ = {
			isa = XCBuildConfiguration;
			buildSettings = {
				ALWAYS_EMBED_SWIFT_STANDARD_LIBRARIES = YES;
				BUNDLE_LOADER = "$(TEST_HOST)";
				DEVELOPMENT_TEAM = Q379959Y72;
				INFOPLIST_FILE = ChurchChatTests/Info.plist;
				LD_RUNPATH_SEARCH_PATHS = "$(inherited) @executable_path/Frameworks @loader_path/Frameworks";
				PRODUCT_BUNDLE_IDENTIFIER = com.joelpratt.ChurchChatTests;
				PRODUCT_NAME = "$(TARGET_NAME)";
				SWIFT_VERSION = 3.0;
				TEST_HOST = "$(BUILT_PRODUCTS_DIR)/ChurchChat.app/ChurchChat";
			};
			name = Release;
		};
		5DF82A3B1E57B2C500A00290 /* Debug */ = {
			isa = XCBuildConfiguration;
			buildSettings = {
				ALWAYS_EMBED_SWIFT_STANDARD_LIBRARIES = YES;
				DEVELOPMENT_TEAM = Q379959Y72;
				INFOPLIST_FILE = ChurchChatUITests/Info.plist;
				LD_RUNPATH_SEARCH_PATHS = "$(inherited) @executable_path/Frameworks @loader_path/Frameworks";
				PRODUCT_BUNDLE_IDENTIFIER = com.joelpratt.ChurchChatUITests;
				PRODUCT_NAME = "$(TARGET_NAME)";
				SWIFT_VERSION = 3.0;
				TEST_TARGET_NAME = ChurchChat;
			};
			name = Debug;
		};
		5DF82A3C1E57B2C500A00290 /* Release */ = {
			isa = XCBuildConfiguration;
			buildSettings = {
				ALWAYS_EMBED_SWIFT_STANDARD_LIBRARIES = YES;
				DEVELOPMENT_TEAM = Q379959Y72;
				INFOPLIST_FILE = ChurchChatUITests/Info.plist;
				LD_RUNPATH_SEARCH_PATHS = "$(inherited) @executable_path/Frameworks @loader_path/Frameworks";
				PRODUCT_BUNDLE_IDENTIFIER = com.joelpratt.ChurchChatUITests;
				PRODUCT_NAME = "$(TARGET_NAME)";
				SWIFT_VERSION = 3.0;
				TEST_TARGET_NAME = ChurchChat;
			};
			name = Release;
		};
/* End XCBuildConfiguration section */

/* Begin XCConfigurationList section */
		5DF82A071E57B2C500A00290 /* Build configuration list for PBXProject "ChurchChat" */ = {
			isa = XCConfigurationList;
			buildConfigurations = (
				5DF82A321E57B2C500A00290 /* Debug */,
				5DF82A331E57B2C500A00290 /* Release */,
			);
			defaultConfigurationIsVisible = 0;
			defaultConfigurationName = Release;
		};
		5DF82A341E57B2C500A00290 /* Build configuration list for PBXNativeTarget "ChurchChat" */ = {
			isa = XCConfigurationList;
			buildConfigurations = (
				5DF82A351E57B2C500A00290 /* Debug */,
				5DF82A361E57B2C500A00290 /* Release */,
			);
			defaultConfigurationIsVisible = 0;
			defaultConfigurationName = Release;
		};
		5DF82A371E57B2C500A00290 /* Build configuration list for PBXNativeTarget "ChurchChatTests" */ = {
			isa = XCConfigurationList;
			buildConfigurations = (
				5DF82A381E57B2C500A00290 /* Debug */,
				5DF82A391E57B2C500A00290 /* Release */,
			);
			defaultConfigurationIsVisible = 0;
			defaultConfigurationName = Release;
		};
		5DF82A3A1E57B2C500A00290 /* Build configuration list for PBXNativeTarget "ChurchChatUITests" */ = {
			isa = XCConfigurationList;
			buildConfigurations = (
				5DF82A3B1E57B2C500A00290 /* Debug */,
				5DF82A3C1E57B2C500A00290 /* Release */,
			);
			defaultConfigurationIsVisible = 0;
			defaultConfigurationName = Release;
		};
/* End XCConfigurationList section */
	};
	rootObject = 5DF82A041E57B2C500A00290 /* Project object */;
}
